
Microsoft Visual Studio Solution File, Format Version 12.00
# Visual Studio 2015
Project("{FAE04EC0-301F-11D3-BF4B-00C04F79EFBC}") = "unitySubject.CSharp", "unitySubject.CSharp.csproj", "{756F1BF1-96D8-B71A-42BC-18F243234743}"
EndProject
Project("{FAE04EC0-301F-11D3-BF4B-00C04F79EFBC}") = "unitySubject.CSharp.Editor", "unitySubject.CSharp.Editor.csproj", "{6E3A5827-59C5-63E8-75EF-23C03892D5C6}"
EndProject
Global
	GlobalSection(SolutionConfigurationPlatforms) = preSolution
		Debug|Any CPU = Debug|Any CPU
		Release|Any CPU = Release|Any CPU
	EndGlobalSection
	GlobalSection(ProjectConfigurationPlatforms) = postSolution
		{756F1BF1-96D8-B71A-42BC-18F243234743}.Debug|Any CPU.ActiveCfg = Debug|Any CPU
		{756F1BF1-96D8-B71A-42BC-18F243234743}.Debug|Any CPU.Build.0 = Debug|Any CPU
		{756F1BF1-96D8-B71A-42BC-18F243234743}.Release|Any CPU.ActiveCfg = Release|Any CPU
		{756F1BF1-96D8-B71A-42BC-18F243234743}.Release|Any CPU.Build.0 = Release|Any CPU
		{6E3A5827-59C5-63E8-75EF-23C03892D5C6}.Debug|Any CPU.ActiveCfg = Debug|Any CPU
		{6E3A5827-59C5-63E8-75EF-23C03892D5C6}.Debug|Any CPU.Build.0 = Debug|Any CPU
		{6E3A5827-59C5-63E8-75EF-23C03892D5C6}.Release|Any CPU.ActiveCfg = Release|Any CPU
		{6E3A5827-59C5-63E8-75EF-23C03892D5C6}.Release|Any CPU.Build.0 = Release|Any CPU
	EndGlobalSection
	GlobalSection(SolutionProperties) = preSolution
		HideSolutionNode = FALSE
	EndGlobalSection
EndGlobal
